PODS:
  - swift-library-glpi (1.0.0)

DEPENDENCIES:
  - swift-library-glpi

SPEC REPOS:
  https://github.com/cocoapods/specs.git:
    - swift-library-glpi

SPEC CHECKSUMS:
  swift-library-glpi: 0490a262673551566904390fd7a6ace49fd27918

PODFILE CHECKSUM: daeaf6f8160697ab66a79c554c48c6236503e492

COCOAPODS: 1.6.0.beta.1
